
Microsoft Visual Studio Solution File, Format Version 12.00
# Visual Studio 2012
Project("{FAE04EC0-301F-11D3-BF4B-00C04F79EFBC}") = "STSTester", "STSTester\STSTester.csproj", "{D3646AD4-E527-44CE-A4C5-D6FAE621B419}"
EndProject
Global
	GlobalSection(SolutionConfigurationPlatforms) = preSolution
		Debug|Any CPU = Debug|Any CPU
		Release|Any CPU = Release|Any CPU
	EndGlobalSection
	GlobalSection(ProjectConfigurationPlatforms) = postSolution
		{D3646AD4-E527-44CE-A4C5-D6FAE621B419}.Debug|Any CPU.ActiveCfg = Debug|Any CPU
		{D3646AD4-E527-44CE-A4C5-D6FAE621B419}.Debug|Any CPU.Build.0 = Debug|Any CPU
		{D3646AD4-E527-44CE-A4C5-D6FAE621B419}.Release|Any CPU.ActiveCfg = Release|Any CPU
		{D3646AD4-E527-44CE-A4C5-D6FAE621B419}.Release|Any CPU.Build.0 = Release|Any CPU
	EndGlobalSection
	GlobalSection(SolutionProperties) = preSolution
		HideSolutionNode = FALSE
	EndGlobalSection
EndGlobal
